
Microsoft Visual Studio Solution File, Format Version 12.00
# Visual Studio Version 17
VisualStudioVersion = 17.11.35222.181
MinimumVisualStudioVersion = 10.0.40219.1
Project("{FAE04EC0-301F-11D3-BF4B-00C04F79EFBC}") = "SaleWebMvc", "SaleWevMvc\SaleWebMvc.csproj", "{210471E2-CBFB-40B2-AFF1-F5D5C929B48B}"
EndProject
Global
	GlobalSection(SolutionConfigurationPlatforms) = preSolution
		Debug|Any CPU = Debug|Any CPU
		Release|Any CPU = Release|Any CPU
	EndGlobalSection
	GlobalSection(ProjectConfigurationPlatforms) = postSolution
		{210471E2-CBFB-40B2-AFF1-F5D5C929B48B}.Debug|Any CPU.ActiveCfg = Debug|Any CPU
		{210471E2-CBFB-40B2-AFF1-F5D5C929B48B}.Debug|Any CPU.Build.0 = Debug|Any CPU
		{210471E2-CBFB-40B2-AFF1-F5D5C929B48B}.Release|Any CPU.ActiveCfg = Release|Any CPU
		{210471E2-CBFB-40B2-AFF1-F5D5C929B48B}.Release|Any CPU.Build.0 = Release|Any CPU
	EndGlobalSection
	GlobalSection(SolutionProperties) = preSolution
		HideSolutionNode = FALSE
	EndGlobalSection
	GlobalSection(ExtensibilityGlobals) = postSolution
		SolutionGuid = {EEB0F010-27A7-4F34-887E-4448C462F501}
	EndGlobalSection
EndGlobal
